
Microsoft Visual Studio Solution File, Format Version 12.00
# Visual Studio Version 17
VisualStudioVersion = 17.0.31912.275
MinimumVisualStudioVersion = 10.0.40219.1
Project("{9A19103F-16F7-4668-BE54-9A1E7A4F7556}") = "LucoaBot", "LucoaBot.csproj", "{FE6BE706-8740-44C1-847D-6EEFE1B9EC9C}"
EndProject
Global
	GlobalSection(SolutionConfigurationPlatforms) = preSolution
		Debug|Any CPU = Debug|Any CPU
		Release|Any CPU = Release|Any CPU
	EndGlobalSection
	GlobalSection(ProjectConfigurationPlatforms) = postSolution
		{FE6BE706-8740-44C1-847D-6EEFE1B9EC9C}.Debug|Any CPU.ActiveCfg = Debug|Any CPU
		{FE6BE706-8740-44C1-847D-6EEFE1B9EC9C}.Debug|Any CPU.Build.0 = Debug|Any CPU
		{FE6BE706-8740-44C1-847D-6EEFE1B9EC9C}.Release|Any CPU.ActiveCfg = Release|Any CPU
		{FE6BE706-8740-44C1-847D-6EEFE1B9EC9C}.Release|Any CPU.Build.0 = Release|Any CPU
	EndGlobalSection
	GlobalSection(SolutionProperties) = preSolution
		HideSolutionNode = FALSE
	EndGlobalSection
	GlobalSection(ExtensibilityGlobals) = postSolution
		SolutionGuid = {F2A52E3E-4362-425D-9F33-D2A449C0470F}
	EndGlobalSection
EndGlobal
